// !$*UTF8*$!
{
	archiveVersion = 1;
	classes = {
	};
	objectVersion = 51;
	objects = {

/* Begin PBXBuildFile section */
		0F98568726483B150085C8AD /* FirstViewController.swift in Sources */ = {isa = PBXBuildFile; fileRef = 0F98568626483B150085C8AD /* FirstViewController.swift */; };
		69B116C4BB8E95FE27D13F36 /* Pods_FitGuru.framework in Frameworks */ = {isa = PBXBuildFile; fileRef = 26548CFEDCCD8D384010F4D5 /* Pods_FitGuru.framework */; };
		895FA2D815C3D98AC0DB7508 /* Pods_FitGuru_FitGuruUITests.framework in Frameworks */ = {isa = PBXBuildFile; fileRef = 0A6BFE70952BBF270A055E72 /* Pods_FitGuru_FitGuruUITests.framework */; };
		E1E268532B01F321850203A7 /* Pods_FitGuruTests.framework in Frameworks */ = {isa = PBXBuildFile; fileRef = F55093A8433A1C71C8B59CA6 /* Pods_FitGuruTests.framework */; };
		EF31887A262E393C00996235 /* LoginViewController.swift in Sources */ = {isa = PBXBuildFile; fileRef = EF318879262E393C00996235 /* LoginViewController.swift */; };
		EF31887F262E395200996235 /* HomeViewController.swift in Sources */ = {isa = PBXBuildFile; fileRef = EF31887E262E395200996235 /* HomeViewController.swift */; };
		EF31888B262E3AB400996235 /* SignUpViewController.swift in Sources */ = {isa = PBXBuildFile; fileRef = EF31888A262E3AB400996235 /* SignUpViewController.swift */; };
		EFEEA70C262BDBB200308B37 /* AppDelegate.swift in Sources */ = {isa = PBXBuildFile; fileRef = EFEEA70B262BDBB200308B37 /* AppDelegate.swift */; };
		EFEEA70E262BDBB200308B37 /* SceneDelegate.swift in Sources */ = {isa = PBXBuildFile; fileRef = EFEEA70D262BDBB200308B37 /* SceneDelegate.swift */; };
		EFEEA713262BDBB200308B37 /* Main.storyboard in Resources */ = {isa = PBXBuildFile; fileRef = EFEEA711262BDBB200308B37 /* Main.storyboard */; };
		EFEEA715262BDBB600308B37 /* Assets.xcassets in Resources */ = {isa = PBXBuildFile; fileRef = EFEEA714262BDBB600308B37 /* Assets.xcassets */; };
		EFEEA718262BDBB600308B37 /* LaunchScreen.storyboard in Resources */ = {isa = PBXBuildFile; fileRef = EFEEA716262BDBB600308B37 /* LaunchScreen.storyboard */; };
		EFEEA723262BDBB700308B37 /* FitGuruTests.swift in Sources */ = {isa = PBXBuildFile; fileRef = EFEEA722262BDBB700308B37 /* FitGuruTests.swift */; };
		EFEEA72E262BDBB700308B37 /* FitGuruUITests.swift in Sources */ = {isa = PBXBuildFile; fileRef = EFEEA72D262BDBB700308B37 /* FitGuruUITests.swift */; };
/* End PBXBuildFile section */

/* Begin PBXContainerItemProxy section */
		EFEEA71F262BDBB700308B37 /* PBXContainerItemProxy */ = {
			isa = PBXContainerItemProxy;
			containerPortal = EFEEA700262BDBB200308B37 /* Project object */;
			proxyType = 1;
			remoteGlobalIDString = EFEEA707262BDBB200308B37;
			remoteInfo = FitGuru;
		};
		EFEEA72A262BDBB700308B37 /* PBXContainerItemProxy */ = {
			isa = PBXContainerItemProxy;
			containerPortal = EFEEA700262BDBB200308B37 /* Project object */;
			proxyType = 1;
			remoteGlobalIDString = EFEEA707262BDBB200308B37;
			remoteInfo = FitGuru;
		};
/* End PBXContainerItemProxy section */

/* Begin PBXFileReference section */
		0A6BFE70952BBF270A055E72 /* Pods_FitGuru_FitGuruUITests.framework */ = {isa = PBXFileReference; explicitFileType = wrapper.framework; includeInIndex = 0; path = Pods_FitGuru_FitGuruUITests.framework; sourceTree = BUILT_PRODUCTS_DIR; };
		0F98568626483B150085C8AD /* FirstViewController.swift */ = {isa = PBXFileReference; lastKnownFileType = sourcecode.swift; path = FirstViewController.swift; sourceTree = "<group>"; };
		1276B44B2C83334ED6F905A9 /* Pods-FitGuru-FitGuruUITests.release.xcconfig */ = {isa = PBXFileReference; includeInIndex = 1; lastKnownFileType = text.xcconfig; name = "Pods-FitGuru-FitGuruUITests.release.xcconfig"; path = "Target Support Files/Pods-FitGuru-FitGuruUITests/Pods-FitGuru-FitGuruUITests.release.xcconfig"; sourceTree = "<group>"; };
		26548CFEDCCD8D384010F4D5 /* Pods_FitGuru.framework */ = {isa = PBXFileReference; explicitFileType = wrapper.framework; includeInIndex = 0; path = Pods_FitGuru.framework; sourceTree = BUILT_PRODUCTS_DIR; };
		814F4F1612A759D4B42229A0 /* Pods-FitGuru.release.xcconfig */ = {isa = PBXFileReference; includeInIndex = 1; lastKnownFileType = text.xcconfig; name = "Pods-FitGuru.release.xcconfig"; path = "Target Support Files/Pods-FitGuru/Pods-FitGuru.release.xcconfig"; sourceTree = "<group>"; };
		928B9D396D25F1D109E80F92 /* Pods-FitGuruTests.release.xcconfig */ = {isa = PBXFileReference; includeInIndex = 1; lastKnownFileType = text.xcconfig; name = "Pods-FitGuruTests.release.xcconfig"; path = "Target Support Files/Pods-FitGuruTests/Pods-FitGuruTests.release.xcconfig"; sourceTree = "<group>"; };
		A01472AC4E064196B3A45832 /* Pods-FitGuruTests.debug.xcconfig */ = {isa = PBXFileReference; includeInIndex = 1; lastKnownFileType = text.xcconfig; name = "Pods-FitGuruTests.debug.xcconfig"; path = "Target Support Files/Pods-FitGuruTests/Pods-FitGuruTests.debug.xcconfig"; sourceTree = "<group>"; };
		D7C60644570B067A90A029DF /* Pods-FitGuru-FitGuruUITests.debug.xcconfig */ = {isa = PBXFileReference; includeInIndex = 1; lastKnownFileType = text.xcconfig; name = "Pods-FitGuru-FitGuruUITests.debug.xcconfig"; path = "Target Support Files/Pods-FitGuru-FitGuruUITests/Pods-FitGuru-FitGuruUITests.debug.xcconfig"; sourceTree = "<group>"; };
		DBB36F24886E45E49D4D127B /* Pods-FitGuru.debug.xcconfig */ = {isa = PBXFileReference; includeInIndex = 1; lastKnownFileType = text.xcconfig; name = "Pods-FitGuru.debug.xcconfig"; path = "Target Support Files/Pods-FitGuru/Pods-FitGuru.debug.xcconfig"; sourceTree = "<group>"; };
		EF318879262E393C00996235 /* LoginViewController.swift */ = {isa = PBXFileReference; lastKnownFileType = sourcecode.swift; path = LoginViewController.swift; sourceTree = "<group>"; };
		EF31887E262E395200996235 /* HomeViewController.swift */ = {isa = PBXFileReference; lastKnownFileType = sourcecode.swift; path = HomeViewController.swift; sourceTree = "<group>"; };
		EF31888A262E3AB400996235 /* SignUpViewController.swift */ = {isa = PBXFileReference; lastKnownFileType = sourcecode.swift; path = SignUpViewController.swift; sourceTree = "<group>"; };
		EFEEA708262BDBB200308B37 /* FitGuru.app */ = {isa = PBXFileReference; explicitFileType = wrapper.application; includeInIndex = 0; path = FitGuru.app; sourceTree = BUILT_PRODUCTS_DIR; };
		EFEEA70B262BDBB200308B37 /* AppDelegate.swift */ = {isa = PBXFileReference; lastKnownFileType = sourcecode.swift; path = AppDelegate.swift; sourceTree = "<group>"; };
		EFEEA70D262BDBB200308B37 /* SceneDelegate.swift */ = {isa = PBXFileReference; lastKnownFileType = sourcecode.swift; path = SceneDelegate.swift; sourceTree = "<group>"; };
		EFEEA712262BDBB200308B37 /* Base */ = {isa = PBXFileReference; lastKnownFileType = file.storyboard; name = Base; path = Base.lproj/Main.storyboard; sourceTree = "<group>"; };
		EFEEA714262BDBB600308B37 /* Assets.xcassets */ = {isa = PBXFileReference; lastKnownFileType = folder.assetcatalog; path = Assets.xcassets; sourceTree = "<group>"; };
		EFEEA717262BDBB600308B37 /* Base */ = {isa = PBXFileReference; lastKnownFileType = file.storyboard; name = Base; path = Base.lproj/LaunchScreen.storyboard; sourceTree = "<group>"; };
		EFEEA719262BDBB600308B37 /* Info.plist */ = {isa = PBXFileReference; lastKnownFileType = text.plist.xml; path = Info.plist; sourceTree = "<group>"; };
		EFEEA71E262BDBB700308B37 /* FitGuruTests.xctest */ = {isa = PBXFileReference; explicitFileType = wrapper.cfbundle; includeInIndex = 0; path = FitGuruTests.xctest; sourceTree = BUILT_PRODUCTS_DIR; };
		EFEEA722262BDBB700308B37 /* FitGuruTests.swift */ = {isa = PBXFileReference; lastKnownFileType = sourcecode.swift; path = FitGuruTests.swift; sourceTree = "<group>"; };
		EFEEA724262BDBB700308B37 /* Info.plist */ = {isa = PBXFileReference; lastKnownFileType = text.plist.xml; path = Info.plist; sourceTree = "<group>"; };
		EFEEA729262BDBB700308B37 /* FitGuruUITests.xctest */ = {isa = PBXFileReference; explicitFileType = wrapper.cfbundle; includeInIndex = 0; path = FitGuruUITests.xctest; sourceTree = BUILT_PRODUCTS_DIR; };
		EFEEA72D262BDBB700308B37 /* FitGuruUITests.swift */ = {isa = PBXFileReference; lastKnownFileType = sourcecode.swift; path = FitGuruUITests.swift; sourceTree = "<group>"; };
		EFEEA72F262BDBB700308B37 /* Info.plist */ = {isa = PBXFileReference; lastKnownFileType = text.plist.xml; path = Info.plist; sourceTree = "<group>"; };
		F55093A8433A1C71C8B59CA6 /* Pods_FitGuruTests.framework */ = {isa = PBXFileReference; explicitFileType = wrapper.framework; includeInIndex = 0; path = Pods_FitGuruTests.framework; sourceTree = BUILT_PRODUCTS_DIR; };
/* End PBXFileReference section */

/* Begin PBXFrameworksBuildPhase section */
		EFEEA705262BDBB200308B37 /* Frameworks */ = {
			isa = PBXFrameworksBuildPhase;
			buildActionMask = 2147483647;
			files = (
				69B116C4BB8E95FE27D13F36 /* Pods_FitGuru.framework in Frameworks */,
			);
			runOnlyForDeploymentPostprocessing = 0;
		};
		EFEEA71B262BDBB700308B37 /* Frameworks */ = {
			isa = PBXFrameworksBuildPhase;
			buildActionMask = 2147483647;
			files = (
				E1E268532B01F321850203A7 /* Pods_FitGuruTests.framework in Frameworks */,
			);
			runOnlyForDeploymentPostprocessing = 0;
		};
		EFEEA726262BDBB700308B37 /* Frameworks */ = {
			isa = PBXFrameworksBuildPhase;
			buildActionMask = 2147483647;
			files = (
				895FA2D815C3D98AC0DB7508 /* Pods_FitGuru_FitGuruUITests.framework in Frameworks */,
			);
			runOnlyForDeploymentPostprocessing = 0;
		};
/* End PBXFrameworksBuildPhase section */

/* Begin PBXGroup section */
		2532B64E212FB8CCE8CA160A /* Frameworks */ = {
			isa = PBXGroup;
			children = (
				26548CFEDCCD8D384010F4D5 /* Pods_FitGuru.framework */,
				0A6BFE70952BBF270A055E72 /* Pods_FitGuru_FitGuruUITests.framework */,
				F55093A8433A1C71C8B59CA6 /* Pods_FitGuruTests.framework */,
			);
			name = Frameworks;
			sourceTree = "<group>";
		};
		7BAB57C9405C4A5F51CC8889 /* Pods */ = {
			isa = PBXGroup;
			children = (
				DBB36F24886E45E49D4D127B /* Pods-FitGuru.debug.xcconfig */,
				814F4F1612A759D4B42229A0 /* Pods-FitGuru.release.xcconfig */,
				D7C60644570B067A90A029DF /* Pods-FitGuru-FitGuruUITests.debug.xcconfig */,
				1276B44B2C83334ED6F905A9 /* Pods-FitGuru-FitGuruUITests.release.xcconfig */,
				A01472AC4E064196B3A45832 /* Pods-FitGuruTests.debug.xcconfig */,
				928B9D396D25F1D109E80F92 /* Pods-FitGuruTests.release.xcconfig */,
			);
			path = Pods;
			sourceTree = "<group>";
		};
		EF318883262E395E00996235 /* View Controllers */ = {
			isa = PBXGroup;
			children = (
				EF31888A262E3AB400996235 /* SignUpViewController.swift */,
				EF318879262E393C00996235 /* LoginViewController.swift */,
				EF31887E262E395200996235 /* HomeViewController.swift */,
				0F98568626483B150085C8AD /* FirstViewController.swift */,
			);
			path = "View Controllers";
			sourceTree = "<group>";
		};
		EFEEA6FF262BDBB200308B37 = {
			isa = PBXGroup;
			children = (
				EFEEA70A262BDBB200308B37 /* FitGuru */,
				EFEEA721262BDBB700308B37 /* FitGuruTests */,
				EFEEA72C262BDBB700308B37 /* FitGuruUITests */,
				EFEEA709262BDBB200308B37 /* Products */,
				7BAB57C9405C4A5F51CC8889 /* Pods */,
				2532B64E212FB8CCE8CA160A /* Frameworks */,
			);
			sourceTree = "<group>";
		};
		EFEEA709262BDBB200308B37 /* Products */ = {
			isa = PBXGroup;
			children = (
				EFEEA708262BDBB200308B37 /* FitGuru.app */,
				EFEEA71E262BDBB700308B37 /* FitGuruTests.xctest */,
				EFEEA729262BDBB700308B37 /* FitGuruUITests.xctest */,
			);
			name = Products;
			sourceTree = "<group>";
		};
		EFEEA70A262BDBB200308B37 /* FitGuru */ = {
			isa = PBXGroup;
			children = (
				EF318883262E395E00996235 /* View Controllers */,
				EFEEA70B262BDBB200308B37 /* AppDelegate.swift */,
				EFEEA70D262BDBB200308B37 /* SceneDelegate.swift */,
				EFEEA711262BDBB200308B37 /* Main.storyboard */,
				EFEEA714262BDBB600308B37 /* Assets.xcassets */,
				EFEEA716262BDBB600308B37 /* LaunchScreen.storyboard */,
				EFEEA719262BDBB600308B37 /* Info.plist */,
			);
			path = FitGuru;
			sourceTree = "<group>";
		};
		EFEEA721262BDBB700308B37 /* FitGuruTests */ = {
			isa = PBXGroup;
			children = (
				EFEEA722262BDBB700308B37 /* FitGuruTests.swift */,
				EFEEA724262BDBB700308B37 /* Info.plist */,
			);
			path = FitGuruTests;
			sourceTree = "<group>";
		};
		EFEEA72C262BDBB700308B37 /* FitGuruUITests */ = {
			isa = PBXGroup;
			children = (
				EFEEA72D262BDBB700308B37 /* FitGuruUITests.swift */,
				EFEEA72F262BDBB700308B37 /* Info.plist */,
			);
			path = FitGuruUITests;
			sourceTree = "<group>";
		};
/* End PBXGroup section */

/* Begin PBXNativeTarget section */
		EFEEA707262BDBB200308B37 /* FitGuru */ = {
			isa = PBXNativeTarget;
			buildConfigurationList = EFEEA732262BDBB700308B37 /* Build configuration list for PBXNativeTarget "FitGuru" */;
			buildPhases = (
				DF2259F0052793404F6B1C0A /* [CP] Check Pods Manifest.lock */,
				EFEEA704262BDBB200308B37 /* Sources */,
				EFEEA705262BDBB200308B37 /* Frameworks */,
				EFEEA706262BDBB200308B37 /* Resources */,
				3527097E6FC5E3E179C8ADB6 /* [CP] Embed Pods Frameworks */,
			);
			buildRules = (
			);
			dependencies = (
			);
			name = FitGuru;
			productName = FitGuru;
			productReference = EFEEA708262BDBB200308B37 /* FitGuru.app */;
			productType = "com.apple.product-type.application";
		};
		EFEEA71D262BDBB700308B37 /* FitGuruTests */ = {
			isa = PBXNativeTarget;
			buildConfigurationList = EFEEA735262BDBB700308B37 /* Build configuration list for PBXNativeTarget "FitGuruTests" */;
			buildPhases = (
				EFCF221E12EEF2C31CAAFB29 /* [CP] Check Pods Manifest.lock */,
				EFEEA71A262BDBB700308B37 /* Sources */,
				EFEEA71B262BDBB700308B37 /* Frameworks */,
				EFEEA71C262BDBB700308B37 /* Resources */,
			);
			buildRules = (
			);
			dependencies = (
				EFEEA720262BDBB700308B37 /* PBXTargetDependency */,
			);
			name = FitGuruTests;
			productName = FitGuruTests;
			productReference = EFEEA71E262BDBB700308B37 /* FitGuruTests.xctest */;
			productType = "com.apple.product-type.bundle.unit-test";
		};
		EFEEA728262BDBB700308B37 /* FitGuruUITests */ = {
			isa = PBXNativeTarget;
			buildConfigurationList = EFEEA738262BDBB700308B37 /* Build configuration list for PBXNativeTarget "FitGuruUITests" */;
			buildPhases = (
				223B93B8897158A7193DE3F3 /* [CP] Check Pods Manifest.lock */,
				EFEEA725262BDBB700308B37 /* Sources */,
				EFEEA726262BDBB700308B37 /* Frameworks */,
				EFEEA727262BDBB700308B37 /* Resources */,
				AFE4176C8D9F4C5B6B981886 /* [CP] Embed Pods Frameworks */,
			);
			buildRules = (
			);
			dependencies = (
				EFEEA72B262BDBB700308B37 /* PBXTargetDependency */,
			);
			name = FitGuruUITests;
			productName = FitGuruUITests;
			productReference = EFEEA729262BDBB700308B37 /* FitGuruUITests.xctest */;
			productType = "com.apple.product-type.bundle.ui-testing";
		};
/* End PBXNativeTarget section */

/* Begin PBXProject section */
		EFEEA700262BDBB200308B37 /* Project object */ = {
			isa = PBXProject;
			attributes = {
				LastSwiftUpdateCheck = 1230;
				LastUpgradeCheck = 1230;
				TargetAttributes = {
					EFEEA707262BDBB200308B37 = {
						CreatedOnToolsVersion = 12.3;
					};
					EFEEA71D262BDBB700308B37 = {
						CreatedOnToolsVersion = 12.3;
						TestTargetID = EFEEA707262BDBB200308B37;
					};
					EFEEA728262BDBB700308B37 = {
						CreatedOnToolsVersion = 12.3;
						TestTargetID = EFEEA707262BDBB200308B37;
					};
				};
			};
			buildConfigurationList = EFEEA703262BDBB200308B37 /* Build configuration list for PBXProject "FitGuru" */;
			compatibilityVersion = "Xcode 9.3";
			developmentRegion = en;
			hasScannedForEncodings = 0;
			knownRegions = (
				en,
				Base,
			);
			mainGroup = EFEEA6FF262BDBB200308B37;
			productRefGroup = EFEEA709262BDBB200308B37 /* Products */;
			projectDirPath = "";
			projectRoot = "";
			targets = (
				EFEEA707262BDBB200308B37 /* FitGuru */,
				EFEEA71D262BDBB700308B37 /* FitGuruTests */,
				EFEEA728262BDBB700308B37 /* FitGuruUITests */,
			);
		};
/* End PBXProject section */

/* Begin PBXResourcesBuildPhase section */
		EFEEA706262BDBB200308B37 /* Resources */ = {
			isa = PBXResourcesBuildPhase;
			buildActionMask = 2147483647;
			files = (
				EFEEA718262BDBB600308B37 /* LaunchScreen.storyboard in Resources */,
				EFEEA715262BDBB600308B37 /* Assets.xcassets in Resources */,
				EFEEA713262BDBB200308B37 /* Main.storyboard in Resources */,
			);
			runOnlyForDeploymentPostprocessing = 0;
		};
		EFEEA71C262BDBB700308B37 /* Resources */ = {
			isa = PBXResourcesBuildPhase;
			buildActionMask = 2147483647;
			files = (
			);
			runOnlyForDeploymentPostprocessing = 0;
		};
		EFEEA727262BDBB700308B37 /* Resources */ = {
			isa = PBXResourcesBuildPhase;
			buildActionMask = 2147483647;
			files = (
			);
			runOnlyForDeploymentPostprocessing = 0;
		};
/* End PBXResourcesBuildPhase section */

/* Begin PBXShellScriptBuildPhase section */
		223B93B8897158A7193DE3F3 /* [CP] Check Pods Manifest.lock */ = {
			isa = PBXShellScriptBuildPhase;
			buildActionMask = 2147483647;
			files = (
			);
			inputFileListPaths = (
			);
			inputPaths = (
				"${PODS_PODFILE_DIR_PATH}/Podfile.lock",
				"${PODS_ROOT}/Manifest.lock",
			);
			name = "[CP] Check Pods Manifest.lock";
			outputFileListPaths = (
			);
			outputPaths = (
				"$(DERIVED_FILE_DIR)/Pods-FitGuru-FitGuruUITests-checkManifestLockResult.txt",
			);
			runOnlyForDeploymentPostprocessing = 0;
			shellPath = /bin/sh;
			shellScript = "diff \"${PODS_PODFILE_DIR_PATH}/Podfile.lock\" \"${PODS_ROOT}/Manifest.lock\" > /dev/null\nif [ $? != 0 ] ; then\n    # print error to STDERR\n    echo \"error: The sandbox is not in sync with the Podfile.lock. Run 'pod install' or update your CocoaPods installation.\" >&2\n    exit 1\nfi\n# This output is used by Xcode 'outputs' to avoid re-running this script phase.\necho \"SUCCESS\" > \"${SCRIPT_OUTPUT_FILE_0}\"\n";
			showEnvVarsInLog = 0;
		};
		3527097E6FC5E3E179C8ADB6 /* [CP] Embed Pods Frameworks */ = {
			isa = PBXShellScriptBuildPhase;
			buildActionMask = 2147483647;
			files = (
			);
			inputFileListPaths = (
				"${PODS_ROOT}/Target Support Files/Pods-FitGuru/Pods-FitGuru-frameworks-${CONFIGURATION}-input-files.xcfilelist",
			);
			name = "[CP] Embed Pods Frameworks";
			outputFileListPaths = (
				"${PODS_ROOT}/Target Support Files/Pods-FitGuru/Pods-FitGuru-frameworks-${CONFIGURATION}-output-files.xcfilelist",
			);
			runOnlyForDeploymentPostprocessing = 0;
			shellPath = /bin/sh;
			shellScript = "\"${PODS_ROOT}/Target Support Files/Pods-FitGuru/Pods-FitGuru-frameworks.sh\"\n";
			showEnvVarsInLog = 0;
		};
		AFE4176C8D9F4C5B6B981886 /* [CP] Embed Pods Frameworks */ = {
			isa = PBXShellScriptBuildPhase;
			buildActionMask = 2147483647;
			files = (
			);
			inputFileListPaths = (
				"${PODS_ROOT}/Target Support Files/Pods-FitGuru-FitGuruUITests/Pods-FitGuru-FitGuruUITests-frameworks-${CONFIGURATION}-input-files.xcfilelist",
			);
			name = "[CP] Embed Pods Frameworks";
			outputFileListPaths = (
				"${PODS_ROOT}/Target Support Files/Pods-FitGuru-FitGuruUITests/Pods-FitGuru-FitGuruUITests-frameworks-${CONFIGURATION}-output-files.xcfilelist",
			);
			runOnlyForDeploymentPostprocessing = 0;
			shellPath = /bin/sh;
			shellScript = "\"${PODS_ROOT}/Target Support Files/Pods-FitGuru-FitGuruUITests/Pods-FitGuru-FitGuruUITests-frameworks.sh\"\n";
			showEnvVarsInLog = 0;
		};
		DF2259F0052793404F6B1C0A /* [CP] Check Pods Manifest.lock */ = {
			isa = PBXShellScriptBuildPhase;
			buildActionMask = 2147483647;
			files = (
			);
			inputFileListPaths = (
			);
			inputPaths = (
				"${PODS_PODFILE_DIR_PATH}/Podfile.lock",
				"${PODS_ROOT}/Manifest.lock",
			);
			name = "[CP] Check Pods Manifest.lock";
			outputFileListPaths = (
			);
			outputPaths = (
				"$(DERIVED_FILE_DIR)/Pods-FitGuru-checkManifestLockResult.txt",
			);
			runOnlyForDeploymentPostprocessing = 0;
			shellPath = /bin/sh;
			shellScript = "diff \"${PODS_PODFILE_DIR_PATH}/Podfile.lock\" \"${PODS_ROOT}/Manifest.lock\" > /dev/null\nif [ $? != 0 ] ; then\n    # print error to STDERR\n    echo \"error: The sandbox is not in sync with the Podfile.lock. Run 'pod install' or update your CocoaPods installation.\" >&2\n    exit 1\nfi\n# This output is used by Xcode 'outputs' to avoid re-running this script phase.\necho \"SUCCESS\" > \"${SCRIPT_OUTPUT_FILE_0}\"\n";
			showEnvVarsInLog = 0;
		};
		EFCF221E12EEF2C31CAAFB29 /* [CP] Check Pods Manifest.lock */ = {
			isa = PBXShellScriptBuildPhase;
			buildActionMask = 2147483647;
			files = (
			);
			inputFileListPaths = (
			);
			inputPaths = (
				"${PODS_PODFILE_DIR_PATH}/Podfile.lock",
				"${PODS_ROOT}/Manifest.lock",
			);
			name = "[CP] Check Pods Manifest.lock";
			outputFileListPaths = (
			);
			outputPaths = (
				"$(DERIVED_FILE_DIR)/Pods-FitGuruTests-checkManifestLockResult.txt",
			);
			runOnlyForDeploymentPostprocessing = 0;
			shellPath = /bin/sh;
			shellScript = "diff \"${PODS_PODFILE_DIR_PATH}/Podfile.lock\" \"${PODS_ROOT}/Manifest.lock\" > /dev/null\nif [ $? != 0 ] ; then\n    # print error to STDERR\n    echo \"error: The sandbox is not in sync with the Podfile.lock. Run 'pod install' or update your CocoaPods installation.\" >&2\n    exit 1\nfi\n# This output is used by Xcode 'outputs' to avoid re-running this script phase.\necho \"SUCCESS\" > \"${SCRIPT_OUTPUT_FILE_0}\"\n";
			showEnvVarsInLog = 0;
		};
/* End PBXShellScriptBuildPhase section */

/* Begin PBXSourcesBuildPhase section */
		EFEEA704262BDBB200308B37 /* Sources */ = {
			isa = PBXSourcesBuildPhase;
			buildActionMask = 2147483647;
			files = (
				EF31888B262E3AB400996235 /* SignUpViewController.swift in Sources */,
				EFEEA70C262BDBB200308B37 /* AppDelegate.swift in Sources */,
				EF31887A262E393C00996235 /* LoginViewController.swift in Sources */,
				0F98568726483B150085C8AD /* FirstViewController.swift in Sources */,
				EFEEA70E262BDBB200308B37 /* SceneDelegate.swift in Sources */,
				EF31887F262E395200996235 /* HomeViewController.swift in Sources */,
			);
			runOnlyForDeploymentPostprocessing = 0;
		};
		EFEEA71A262BDBB700308B37 /* Sources */ = {
			isa = PBXSourcesBuildPhase;
			buildActionMask = 2147483647;
			files = (
				EFEEA723262BDBB700308B37 /* FitGuruTests.swift in Sources */,
			);
			runOnlyForDeploymentPostprocessing = 0;
		};
		EFEEA725262BDBB700308B37 /* Sources */ = {
			isa = PBXSourcesBuildPhase;
			buildActionMask = 2147483647;
			files = (
				EFEEA72E262BDBB700308B37 /* FitGuruUITests.swift in Sources */,
			);
			runOnlyForDeploymentPostprocessing = 0;
		};
/* End PBXSourcesBuildPhase section */

/* Begin PBXTargetDependency section */
		EFEEA720262BDBB700308B37 /* PBXTargetDependency */ = {
			isa = PBXTargetDependency;
			target = EFEEA707262BDBB200308B37 /* FitGuru */;
			targetProxy = EFEEA71F262BDBB700308B37 /* PBXContainerItemProxy */;
		};
		EFEEA72B262BDBB700308B37 /* PBXTargetDependency */ = {
			isa = PBXTargetDependency;
			target = EFEEA707262BDBB200308B37 /* FitGuru */;
			targetProxy = EFEEA72A262BDBB700308B37 /* PBXContainerItemProxy */;
		};
/* End PBXTargetDependency section */

/* Begin PBXVariantGroup section */
		EFEEA711262BDBB200308B37 /* Main.storyboard */ = {
			isa = PBXVariantGroup;
			children = (
				EFEEA712262BDBB200308B37 /* Base */,
			);
			name = Main.storyboard;
			sourceTree = "<group>";
		};
		EFEEA716262BDBB600308B37 /* LaunchScreen.storyboard */ = {
			isa = PBXVariantGroup;
			children = (
				EFEEA717262BDBB600308B37 /* Base */,
			);
			name = LaunchScreen.storyboard;
			sourceTree = "<group>";
		};
/* End PBXVariantGroup section */

/* Begin XCBuildConfiguration section */
		EFEEA730262BDBB700308B37 /* Debug */ = {
			isa = XCBuildConfiguration;
			buildSettings = {
				ALWAYS_SEARCH_USER_PATHS = NO;
				CLANG_ANALYZER_NONNULL = YES;
				CLANG_ANALYZER_NUMBER_OBJECT_CONVERSION = YES_AGGRESSIVE;
				CLANG_CXX_LANGUAGE_STANDARD = "gnu++14";
				CLANG_CXX_LIBRARY = "libc++";
				CLANG_ENABLE_MODULES = YES;
				CLANG_ENABLE_OBJC_ARC = YES;
				CLANG_ENABLE_OBJC_WEAK = YES;
				CLANG_WARN_BLOCK_CAPTURE_AUTORELEASING = YES;
				CLANG_WARN_BOOL_CONVERSION = YES;
				CLANG_WARN_COMMA = YES;
				CLANG_WARN_CONSTANT_CONVERSION = YES;
				CLANG_WARN_DEPRECATED_OBJC_IMPLEMENTATIONS = YES;
				CLANG_WARN_DIRECT_OBJC_ISA_USAGE = YES_ERROR;
				CLANG_WARN_DOCUMENTATION_COMMENTS = YES;
				CLANG_WARN_EMPTY_BODY = YES;
				CLANG_WARN_ENUM_CONVERSION = YES;
				CLANG_WARN_INFINITE_RECURSION = YES;
				CLANG_WARN_INT_CONVERSION = YES;
				CLANG_WARN_NON_LITERAL_NULL_CONVERSION = YES;
				CLANG_WARN_OBJC_IMPLICIT_RETAIN_SELF = YES;
				CLANG_WARN_OBJC_LITERAL_CONVERSION = YES;
				CLANG_WARN_OBJC_ROOT_CLASS = YES_ERROR;
				CLANG_WARN_QUOTED_INCLUDE_IN_FRAMEWORK_HEADER = YES;
				CLANG_WARN_RANGE_LOOP_ANALYSIS = YES;
				CLANG_WARN_STRICT_PROTOTYPES = YES;
				CLANG_WARN_SUSPICIOUS_MOVE = YES;
				CLANG_WARN_UNGUARDED_AVAILABILITY = YES_AGGRESSIVE;
				CLANG_WARN_UNREACHABLE_CODE = YES;
				CLANG_WARN__DUPLICATE_METHOD_MATCH = YES;
				COPY_PHASE_STRIP = NO;
				DEBUG_INFORMATION_FORMAT = dwarf;
				ENABLE_STRICT_OBJC_MSGSEND = YES;
				ENABLE_TESTABILITY = YES;
				GCC_C_LANGUAGE_STANDARD = gnu11;
				GCC_DYNAMIC_NO_PIC = NO;
				GCC_NO_COMMON_BLOCKS = YES;
				GCC_OPTIMIZATION_LEVEL = 0;
				GCC_PREPROCESSOR_DEFINITIONS = (
					"DEBUG=1",
					"$(inherited)",
				);
				GCC_WARN_64_TO_32_BIT_CONVERSION = YES;
				GCC_WARN_ABOUT_RETURN_TYPE = YES_ERROR;
				GCC_WARN_UNDECLARED_SELECTOR = YES;
				GCC_WARN_UNINITIALIZED_AUTOS = YES_AGGRESSIVE;
				GCC_WARN_UNUSED_FUNCTION = YES;
				GCC_WARN_UNUSED_VARIABLE = YES;
				IPHONEOS_DEPLOYMENT_TARGET = 14.3;
				MTL_ENABLE_DEBUG_INFO = INCLUDE_SOURCE;
				MTL_FAST_MATH = YES;
				ONLY_ACTIVE_ARCH = YES;
				SDKROOT = iphoneos;
				SWIFT_ACTIVE_COMPILATION_CONDITIONS = DEBUG;
				SWIFT_OPTIMIZATION_LEVEL = "-Onone";
			};
			name = Debug;
		};
		EFEEA731262BDBB700308B37 /* Release */ = {
			isa = XCBuildConfiguration;
			buildSettings = {
				ALWAYS_SEARCH_USER_PATHS = NO;
				CLANG_ANALYZER_NONNULL = YES;
				CLANG_ANALYZER_NUMBER_OBJECT_CONVERSION = YES_AGGRESSIVE;
				CLANG_CXX_LANGUAGE_STANDARD = "gnu++14";
				CLANG_CXX_LIBRARY = "libc++";
				CLANG_ENABLE_MODULES = YES;
				CLANG_ENABLE_OBJC_ARC = YES;
				CLANG_ENABLE_OBJC_WEAK = YES;
				CLANG_WARN_BLOCK_CAPTURE_AUTORELEASING = YES;
				CLANG_WARN_BOOL_CONVERSION = YES;
				CLANG_WARN_COMMA = YES;
				CLANG_WARN_CONSTANT_CONVERSION = YES;
				CLANG_WARN_DEPRECATED_OBJC_IMPLEMENTATIONS = YES;
				CLANG_WARN_DIRECT_OBJC_ISA_USAGE = YES_ERROR;
				CLANG_WARN_DOCUMENTATION_COMMENTS = YES;
				CLANG_WARN_EMPTY_BODY = YES;
				CLANG_WARN_ENUM_CONVERSION = YES;
				CLANG_WARN_INFINITE_RECURSION = YES;
				CLANG_WARN_INT_CONVERSION = YES;
				CLANG_WARN_NON_LITERAL_NULL_CONVERSION = YES;
				CLANG_WARN_OBJC_IMPLICIT_RETAIN_SELF = YES;
				CLANG_WARN_OBJC_LITERAL_CONVERSION = YES;
				CLANG_WARN_OBJC_ROOT_CLASS = YES_ERROR;
				CLANG_WARN_QUOTED_INCLUDE_IN_FRAMEWORK_HEADER = YES;
				CLANG_WARN_RANGE_LOOP_ANALYSIS = YES;
				CLANG_WARN_STRICT_PROTOTYPES = YES;
				CLANG_WARN_SUSPICIOUS_MOVE = YES;
				CLANG_WARN_UNGUARDED_AVAILABILITY = YES_AGGRESSIVE;
				CLANG_WARN_UNREACHABLE_CODE = YES;
				CLANG_WARN__DUPLICATE_METHOD_MATCH = YES;
				COPY_PHASE_STRIP = NO;
				DEBUG_INFORMATION_FORMAT = "dwarf-with-dsym";
				ENABLE_NS_ASSERTIONS = NO;
				ENABLE_STRICT_OBJC_MSGSEND = YES;
				GCC_C_LANGUAGE_STANDARD = gnu11;
				GCC_NO_COMMON_BLOCKS = YES;
				GCC_WARN_64_TO_32_BIT_CONVERSION = YES;
				GCC_WARN_ABOUT_RETURN_TYPE = YES_ERROR;
				GCC_WARN_UNDECLARED_SELECTOR = YES;
				GCC_WARN_UNINITIALIZED_AUTOS = YES_AGGRESSIVE;
				GCC_WARN_UNUSED_FUNCTION = YES;
				GCC_WARN_UNUSED_VARIABLE = YES;
				IPHONEOS_DEPLOYMENT_TARGET = 14.3;
				MTL_ENABLE_DEBUG_INFO = NO;
				MTL_FAST_MATH = YES;
				SDKROOT = iphoneos;
				SWIFT_COMPILATION_MODE = wholemodule;
				SWIFT_OPTIMIZATION_LEVEL = "-O";
				VALIDATE_PRODUCT = YES;
			};
			name = Release;
		};
		EFEEA733262BDBB700308B37 /* Debug */ = {
			isa = XCBuildConfiguration;
			baseConfigurationReference = DBB36F24886E45E49D4D127B /* Pods-FitGuru.debug.xcconfig */;
			buildSettings = {
				ASSETCATALOG_COMPILER_APPICON_NAME = AppIcon;
				ASSETCATALOG_COMPILER_GLOBAL_ACCENT_COLOR_NAME = AccentColor;
				CODE_SIGN_STYLE = Automatic;
				DEVELOPMENT_TEAM = QKAQ65RC9F;
				INFOPLIST_FILE = FitGuru/Info.plist;
				LD_RUNPATH_SEARCH_PATHS = (
					"$(inherited)",
					"@executable_path/Frameworks",
				);
				PRODUCT_BUNDLE_IDENTIFIER = memo.com.FitGuru;
				PRODUCT_NAME = "$(TARGET_NAME)";
				SWIFT_VERSION = 5.0;
				TARGETED_DEVICE_FAMILY = "1,2";
			};
			name = Debug;
		};
		EFEEA734262BDBB700308B37 /* Release */ = {
			isa = XCBuildConfiguration;
			baseConfigurationReference = 814F4F1612A759D4B42229A0 /* Pods-FitGuru.release.xcconfig */;
			buildSettings = {
				ASSETCATALOG_COMPILER_APPICON_NAME = AppIcon;
				ASSETCATALOG_COMPILER_GLOBAL_ACCENT_COLOR_NAME = AccentColor;
				CODE_SIGN_STYLE = Automatic;
				DEVELOPMENT_TEAM = QKAQ65RC9F;
				INFOPLIST_FILE = FitGuru/Info.plist;
				LD_RUNPATH_SEARCH_PATHS = (
					"$(inherited)",
					"@executable_path/Frameworks",
				);
				PRODUCT_BUNDLE_IDENTIFIER = memo.com.FitGuru;
				PRODUCT_NAME = "$(TARGET_NAME)";
				SWIFT_VERSION = 5.0;
				TARGETED_DEVICE_FAMILY = "1,2";
			};
			name = Release;
		};
		EFEEA736262BDBB700308B37 /* Debug */ = {
			isa = XCBuildConfiguration;
			baseConfigurationReference = A01472AC4E064196B3A45832 /* Pods-FitGuruTests.debug.xcconfig */;
			buildSettings = {
				ALWAYS_EMBED_SWIFT_STANDARD_LIBRARIES = YES;
				BUNDLE_LOADER = "$(TEST_HOST)";
				CODE_SIGN_STYLE = Automatic;
				DEVELOPMENT_TEAM = QKAQ65RC9F;
				INFOPLIST_FILE = FitGuruTests/Info.plist;
				IPHONEOS_DEPLOYMENT_TARGET = 14.3;
				LD_RUNPATH_SEARCH_PATHS = (
					"$(inherited)",
					"@executable_path/Frameworks",
					"@loader_path/Frameworks",
				);
				PRODUCT_BUNDLE_IDENTIFIER = memo.com.FitGuruTests;
				PRODUCT_NAME = "$(TARGET_NAME)";
				SWIFT_VERSION = 5.0;
				TARGETED_DEVICE_FAMILY = "1,2";
				TEST_HOST = "$(BUILT_PRODUCTS_DIR)/FitGuru.app/FitGuru";
			};
			name = Debug;
		};
		EFEEA737262BDBB700308B37 /* Release */ = {
			isa = XCBuildConfiguration;
			baseConfigurationReference = 928B9D396D25F1D109E80F92 /* Pods-FitGuruTests.release.xcconfig */;
			buildSettings = {
				ALWAYS_EMBED_SWIFT_STANDARD_LIBRARIES = YES;
				BUNDLE_LOADER = "$(TEST_HOST)";
				CODE_SIGN_STYLE = Automatic;
				DEVELOPMENT_TEAM = QKAQ65RC9F;
				INFOPLIST_FILE = FitGuruTests/Info.plist;
				IPHONEOS_DEPLOYMENT_TARGET = 14.3;
				LD_RUNPATH_SEARCH_PATHS = (
					"$(inherited)",
					"@executable_path/Frameworks",
					"@loader_path/Frameworks",
				);
				PRODUCT_BUNDLE_IDENTIFIER = memo.com.FitGuruTests;
				PRODUCT_NAME = "$(TARGET_NAME)";
				SWIFT_VERSION = 5.0;
				TARGETED_DEVICE_FAMILY = "1,2";
				TEST_HOST = "$(BUILT_PRODUCTS_DIR)/FitGuru.app/FitGuru";
			};
			name = Release;
		};
		EFEEA739262BDBB700308B37 /* Debug */ = {
			isa = XCBuildConfiguration;
			baseConfigurationReference = D7C60644570B067A90A029DF /* Pods-FitGuru-FitGuruUITests.debug.xcconfig */;
			buildSettings = {
				ALWAYS_EMBED_SWIFT_STANDARD_LIBRARIES = YES;
				CODE_SIGN_STYLE = Automatic;
				DEVELOPMENT_TEAM = QKAQ65RC9F;
				INFOPLIST_FILE = FitGuruUITests/Info.plist;
				LD_RUNPATH_SEARCH_PATHS = (
					"$(inherited)",
					"@executable_path/Frameworks",
					"@loader_path/Frameworks",
				);
				PRODUCT_BUNDLE_IDENTIFIER = memo.com.FitGuruUITests;
				PRODUCT_NAME = "$(TARGET_NAME)";
				SWIFT_VERSION = 5.0;
				TARGETED_DEVICE_FAMILY = "1,2";
				TEST_TARGET_NAME = FitGuru;
			};
			name = Debug;
		};
		EFEEA73A262BDBB700308B37 /* Release */ = {
			isa = XCBuildConfiguration;
			baseConfigurationReference = 1276B44B2C83334ED6F905A9 /* Pods-FitGuru-FitGuruUITests.release.xcconfig */;
			buildSettings = {
				ALWAYS_EMBED_SWIFT_STANDARD_LIBRARIES = YES;
				CODE_SIGN_STYLE = Automatic;
				DEVELOPMENT_TEAM = QKAQ65RC9F;
				INFOPLIST_FILE = FitGuruUITests/Info.plist;
				LD_RUNPATH_SEARCH_PATHS = (
					"$(inherited)",
					"@executable_path/Frameworks",
					"@loader_path/Frameworks",
				);
				PRODUCT_BUNDLE_IDENTIFIER = memo.com.FitGuruUITests;
				PRODUCT_NAME = "$(TARGET_NAME)";
				SWIFT_VERSION = 5.0;
				TARGETED_DEVICE_FAMILY = "1,2";
				TEST_TARGET_NAME = FitGuru;
			};
			name = Release;
		};
/* End XCBuildConfiguration section */

/* Begin XCConfigurationList section */
		EFEEA703262BDBB200308B37 /* Build configuration list for PBXProject "FitGuru" */ = {
			isa = XCConfigurationList;
			buildConfigurations = (
				EFEEA730262BDBB700308B37 /* Debug */,
				EFEEA731262BDBB700308B37 /* Release */,
			);
			defaultConfigurationIsVisible = 0;
			defaultConfigurationName = Release;
		};
		EFEEA732262BDBB700308B37 /* Build configuration list for PBXNativeTarget "FitGuru" */ = {
			isa = XCConfigurationList;
			buildConfigurations = (
				EFEEA733262BDBB700308B37 /* Debug */,
				EFEEA734262BDBB700308B37 /* Release */,
			);
			defaultConfigurationIsVisible = 0;
			defaultConfigurationName = Release;
		};
		EFEEA735262BDBB700308B37 /* Build configuration list for PBXNativeTarget "FitGuruTests" */ = {
			isa = XCConfigurationList;
			buildConfigurations = (
				EFEEA736262BDBB700308B37 /* Debug */,
				EFEEA737262BDBB700308B37 /* Release */,
			);
			defaultConfigurationIsVisible = 0;
			defaultConfigurationName = Release;
		};
		EFEEA738262BDBB700308B37 /* Build configuration list for PBXNativeTarget "FitGuruUITests" */ = {
			isa = XCConfigurationList;
			buildConfigurations = (
				EFEEA739262BDBB700308B37 /* Debug */,
				EFEEA73A262BDBB700308B37 /* Release */,
			);
			defaultConfigurationIsVisible = 0;
			defaultConfigurationName = Release;
		};
/* End XCConfigurationList section */
	};
	rootObject = EFEEA700262BDBB200308B37 /* Project object */;
}
